
Microsoft Visual Studio Solution File, Format Version 12.00
# Visual Studio Version 17
VisualStudioVersion = 17.3.32825.248
MinimumVisualStudioVersion = 10.0.40219.1
Project("{FAE04EC0-301F-11D3-BF4B-00C04F79EFBC}") = "Project1", "Project1\Project1.csproj", "{3306FBF8-00FD-4CC6-B584-41B959119739}"
EndProject
Global
	GlobalSection(SolutionConfigurationPlatforms) = preSolution
		Debug|Any CPU = Debug|Any CPU
		Release|Any CPU = Release|Any CPU
	EndGlobalSection
	GlobalSection(ProjectConfigurationPlatforms) = postSolution
		{3306FBF8-00FD-4CC6-B584-41B959119739}.Debug|Any CPU.ActiveCfg = Debug|Any CPU
		{3306FBF8-00FD-4CC6-B584-41B959119739}.Debug|Any CPU.Build.0 = Debug|Any CPU
		{3306FBF8-00FD-4CC6-B584-41B959119739}.Release|Any CPU.ActiveCfg = Release|Any CPU
		{3306FBF8-00FD-4CC6-B584-41B959119739}.Release|Any CPU.Build.0 = Release|Any CPU
	EndGlobalSection
	GlobalSection(SolutionProperties) = preSolution
		HideSolutionNode = FALSE
	EndGlobalSection
	GlobalSection(ExtensibilityGlobals) = postSolution
		SolutionGuid = {D0C1498D-86D2-467A-9D98-F1A4EC8CABA2}
	EndGlobalSection
EndGlobal
